
Microsoft Visual Studio Solution File, Format Version 12.00
# Visual Studio 2012
Project("{FAE04EC0-301F-11D3-BF4B-00C04F79EFBC}") = "PMS", "PMS.csproj", "{2585B4B4-DE04-4CF2-9588-75B4DEA2A822}"
EndProject
Project("{F088123C-0E9E-452A-89E6-6BA2F21D5CAC}") = "Modeling", "..\Modeling\Modeling.modelproj", "{65D84B5B-4512-43A3-A01D-B0A6F81E5524}"
EndProject
Project("{2150E333-8FDC-42A3-9474-1A3956D46DE8}") = "DB", "DB", "{5EAF9433-F96B-46FB-839C-CD73F28C6102}"
EndProject
Project("{00D1A9C2-B5F0-4AF3-8072-F6C62B433612}") = "PMSDB", "..\DB\PMSDB\PMSDB.sqlproj", "{320CB853-5142-47C3-886E-9160E913F0DC}"
EndProject
Project("{2150E333-8FDC-42A3-9474-1A3956D46DE8}") = "DataAccess", "DataAccess", "{4908C422-DE6F-4593-82BA-DDA86604CA16}"
EndProject
Project("{2150E333-8FDC-42A3-9474-1A3956D46DE8}") = "BusinessLogic", "BusinessLogic", "{FC3168E3-123D-4ACC-B7AD-F0642B08149F}"
EndProject
Project("{2150E333-8FDC-42A3-9474-1A3956D46DE8}") = "UI", "UI", "{1B9BF7A4-2789-4F73-80B0-973AD582BA2C}"
EndProject
Project("{FAE04EC0-301F-11D3-BF4B-00C04F79EFBC}") = "PMSSite", "..\UI\PMSSite\PMSSite.csproj", "{602AFE6F-1713-4A61-B9E7-F1563B76B874}"
EndProject
Project("{FAE04EC0-301F-11D3-BF4B-00C04F79EFBC}") = "PMSDBDataAccess", "..\DataAccess\PMSDBDataAccess\PMSDBDataAccess.csproj", "{9E3CE509-3986-4DAE-8D42-AB20E0C04347}"
EndProject
Project("{2150E333-8FDC-42A3-9474-1A3956D46DE8}") = "Model", "Model", "{D419F500-65E9-44B8-8394-A5F82E147ABC}"
EndProject
Project("{FAE04EC0-301F-11D3-BF4B-00C04F79EFBC}") = "Model", "Model\Model\Model.csproj", "{E51D3DB3-56CA-4E43-B2A8-362DAB6C9363}"
EndProject
Project("{FAE04EC0-301F-11D3-BF4B-00C04F79EFBC}") = "PMSBLL", "..\BusinessLogic\PMSComp\PMSBLL.csproj", "{BDB4EF20-3F60-4B34-B05B-D59294AA1F44}"
EndProject
Project("{2150E333-8FDC-42A3-9474-1A3956D46DE8}") = "Lib", "Lib", "{229BA12C-F42E-483A-BC5A-569AD76A7D79}"
	ProjectSection(SolutionItems) = preProject
		..\Lib\CustomExtension.dll = ..\Lib\CustomExtension.dll
		..\Lib\CustomExtension.pdb = ..\Lib\CustomExtension.pdb
	EndProjectSection
EndProject
Project("{2150E333-8FDC-42A3-9474-1A3956D46DE8}") = "Tool", "Tool", "{87649369-190C-41AF-8644-89437114667E}"
EndProject
Project("{FAE04EC0-301F-11D3-BF4B-00C04F79EFBC}") = "Tool", "..\Tool\Extentsion\Tool.csproj", "{9B7384CF-2B9A-4768-8340-1EB0DF104498}"
EndProject
Global
	GlobalSection(SolutionConfigurationPlatforms) = preSolution
		Debug|Any CPU = Debug|Any CPU
		Release|Any CPU = Release|Any CPU
	EndGlobalSection
	GlobalSection(ProjectConfigurationPlatforms) = postSolution
		{2585B4B4-DE04-4CF2-9588-75B4DEA2A822}.Debug|Any CPU.ActiveCfg = Debug|Any CPU
		{2585B4B4-DE04-4CF2-9588-75B4DEA2A822}.Debug|Any CPU.Build.0 = Debug|Any CPU
		{2585B4B4-DE04-4CF2-9588-75B4DEA2A822}.Release|Any CPU.ActiveCfg = Release|Any CPU
		{2585B4B4-DE04-4CF2-9588-75B4DEA2A822}.Release|Any CPU.Build.0 = Release|Any CPU
		{65D84B5B-4512-43A3-A01D-B0A6F81E5524}.Debug|Any CPU.ActiveCfg = Debug|Any CPU
		{65D84B5B-4512-43A3-A01D-B0A6F81E5524}.Debug|Any CPU.Build.0 = Debug|Any CPU
		{65D84B5B-4512-43A3-A01D-B0A6F81E5524}.Release|Any CPU.ActiveCfg = Release|Any CPU
		{65D84B5B-4512-43A3-A01D-B0A6F81E5524}.Release|Any CPU.Build.0 = Release|Any CPU
		{320CB853-5142-47C3-886E-9160E913F0DC}.Debug|Any CPU.ActiveCfg = Debug|Any CPU
		{320CB853-5142-47C3-886E-9160E913F0DC}.Debug|Any CPU.Build.0 = Debug|Any CPU
		{320CB853-5142-47C3-886E-9160E913F0DC}.Debug|Any CPU.Deploy.0 = Debug|Any CPU
		{320CB853-5142-47C3-886E-9160E913F0DC}.Release|Any CPU.ActiveCfg = Release|Any CPU
		{320CB853-5142-47C3-886E-9160E913F0DC}.Release|Any CPU.Build.0 = Release|Any CPU
		{320CB853-5142-47C3-886E-9160E913F0DC}.Release|Any CPU.Deploy.0 = Release|Any CPU
		{602AFE6F-1713-4A61-B9E7-F1563B76B874}.Debug|Any CPU.ActiveCfg = Debug|Any CPU
		{602AFE6F-1713-4A61-B9E7-F1563B76B874}.Debug|Any CPU.Build.0 = Debug|Any CPU
		{602AFE6F-1713-4A61-B9E7-F1563B76B874}.Release|Any CPU.ActiveCfg = Release|Any CPU
		{602AFE6F-1713-4A61-B9E7-F1563B76B874}.Release|Any CPU.Build.0 = Release|Any CPU
		{9E3CE509-3986-4DAE-8D42-AB20E0C04347}.Debug|Any CPU.ActiveCfg = Debug|Any CPU
		{9E3CE509-3986-4DAE-8D42-AB20E0C04347}.Debug|Any CPU.Build.0 = Debug|Any CPU
		{9E3CE509-3986-4DAE-8D42-AB20E0C04347}.Release|Any CPU.ActiveCfg = Release|Any CPU
		{9E3CE509-3986-4DAE-8D42-AB20E0C04347}.Release|Any CPU.Build.0 = Release|Any CPU
		{E51D3DB3-56CA-4E43-B2A8-362DAB6C9363}.Debug|Any CPU.ActiveCfg = Debug|Any CPU
		{E51D3DB3-56CA-4E43-B2A8-362DAB6C9363}.Debug|Any CPU.Build.0 = Debug|Any CPU
		{E51D3DB3-56CA-4E43-B2A8-362DAB6C9363}.Release|Any CPU.ActiveCfg = Release|Any CPU
		{E51D3DB3-56CA-4E43-B2A8-362DAB6C9363}.Release|Any CPU.Build.0 = Release|Any CPU
		{BDB4EF20-3F60-4B34-B05B-D59294AA1F44}.Debug|Any CPU.ActiveCfg = Debug|Any CPU
		{BDB4EF20-3F60-4B34-B05B-D59294AA1F44}.Debug|Any CPU.Build.0 = Debug|Any CPU
		{BDB4EF20-3F60-4B34-B05B-D59294AA1F44}.Release|Any CPU.ActiveCfg = Release|Any CPU
		{BDB4EF20-3F60-4B34-B05B-D59294AA1F44}.Release|Any CPU.Build.0 = Release|Any CPU
		{9B7384CF-2B9A-4768-8340-1EB0DF104498}.Debug|Any CPU.ActiveCfg = Debug|Any CPU
		{9B7384CF-2B9A-4768-8340-1EB0DF104498}.Debug|Any CPU.Build.0 = Debug|Any CPU
		{9B7384CF-2B9A-4768-8340-1EB0DF104498}.Release|Any CPU.ActiveCfg = Release|Any CPU
		{9B7384CF-2B9A-4768-8340-1EB0DF104498}.Release|Any CPU.Build.0 = Release|Any CPU
	EndGlobalSection
	GlobalSection(SolutionProperties) = preSolution
		HideSolutionNode = FALSE
	EndGlobalSection
	GlobalSection(NestedProjects) = preSolution
		{320CB853-5142-47C3-886E-9160E913F0DC} = {5EAF9433-F96B-46FB-839C-CD73F28C6102}
		{9E3CE509-3986-4DAE-8D42-AB20E0C04347} = {4908C422-DE6F-4593-82BA-DDA86604CA16}
		{BDB4EF20-3F60-4B34-B05B-D59294AA1F44} = {FC3168E3-123D-4ACC-B7AD-F0642B08149F}
		{602AFE6F-1713-4A61-B9E7-F1563B76B874} = {1B9BF7A4-2789-4F73-80B0-973AD582BA2C}
		{E51D3DB3-56CA-4E43-B2A8-362DAB6C9363} = {D419F500-65E9-44B8-8394-A5F82E147ABC}
		{9B7384CF-2B9A-4768-8340-1EB0DF104498} = {87649369-190C-41AF-8644-89437114667E}
	EndGlobalSection
EndGlobal
